// !$*UTF8*$!
{
	archiveVersion = 1;
	classes = {
	};
	objectVersion = 50;
	objects = {

/* Begin PBXFileReference section */
		BB9BC8E22784765E00FA8ECB /* MyPlayground.playground */ = {isa = PBXFileReference; lastKnownFileType = file.playground; path = MyPlayground.playground; sourceTree = "<group>"; xcLanguageSpecificationIdentifier = xcode.lang.swift; };
/* End PBXFileReference section */

/* Begin PBXGroup section */
		BB9BC8DB2784765500FA8ECB = {
			isa = PBXGroup;
			children = (
				BB9BC8E22784765E00FA8ECB /* MyPlayground.playground */,
			);
			sourceTree = "<group>";
		};
/* End PBXGroup section */

/* Begin PBXProject section */
		BB9BC8DC2784765500FA8ECB /* Project object */ = {
			isa = PBXProject;
			attributes = {
				LastUpgradeCheck = 1250;
			};
			buildConfigurationList = BB9BC8DF2784765500FA8ECB /* Build configuration list for PBXProject "ignoreTest" */;
			compatibilityVersion = "Xcode 9.3";
			developmentRegion = en;
			hasScannedForEncodings = 0;
			knownRegions = (
				en,
				Base,
			);
			mainGroup = BB9BC8DB2784765500FA8ECB;
			projectDirPath = "";
			projectRoot = "";
			targets = (
			);
		};
/* End PBXProject section */

/* Begin XCBuildConfiguration section */
		BB9BC8E02784765500FA8ECB /* Debug */ = {
			isa = XCBuildConfiguration;
			buildSettings = {
			};
			name = Debug;
		};
		BB9BC8E12784765500FA8ECB /* Release */ = {
			isa = XCBuildConfiguration;
			buildSettings = {
			};
			name = Release;
		};
/* End XCBuildConfiguration section */

/* Begin XCConfigurationList section */
		BB9BC8DF2784765500FA8ECB /* Build configuration list for PBXProject "ignoreTest" */ = {
			isa = XCConfigurationList;
			buildConfigurations = (
				BB9BC8E02784765500FA8ECB /* Debug */,
				BB9BC8E12784765500FA8ECB /* Release */,
			);
			defaultConfigurationIsVisible = 0;
			defaultConfigurationName = Release;
		};
/* End XCConfigurationList section */
	};
	rootObject = BB9BC8DC2784765500FA8ECB /* Project object */;
}
